
Microsoft Visual Studio Solution File, Format Version 12.00
# Visual Studio 15
VisualStudioVersion = 15.0.26730.15
MinimumVisualStudioVersion = 10.0.40219.1
Project("{FAE04EC0-301F-11D3-BF4B-00C04F79EFBC}") = "EFDocumentationGenerator", "EFDocumentationGenerator\EFDocumentationGenerator.csproj", "{4801E905-4B73-4ED5-942C-1FBB90498EE4}"
EndProject
Project("{9A19103F-16F7-4668-BE54-9A1E7A4F7556}") = "Tests.Unit", "Tests.Unit\Tests.Unit.csproj", "{E5C3FA90-A2E2-4871-AEDE-A01AD27A2B92}"
EndProject
Project("{FAE04EC0-301F-11D3-BF4B-00C04F79EFBC}") = "EFDocumentationGenerator.Package", "EFDocumentationGenerator.Package\EFDocumentationGenerator.Package.csproj", "{3B89C2CA-0B02-4DF5-9BAB-7E23C2ADA5F8}"
EndProject
Project("{2150E333-8FDC-42A3-9474-1A3956D46DE8}") = "Solution Items", "Solution Items", "{A836C2C9-C4E9-4BFE-9FBF-269EC1A65DDE}"
	ProjectSection(SolutionItems) = preProject
		..\.gitignore = ..\.gitignore
		..\appveyor.yml = ..\appveyor.yml
		..\CHANGELOG.md = ..\CHANGELOG.md
		..\LICENSE.txt = ..\LICENSE.txt
		..\NOTICE.txt = ..\NOTICE.txt
		..\README.md = ..\README.md
		Visual Studio 2015 Image Library EULA.md = Visual Studio 2015 Image Library EULA.md
	EndProjectSection
EndProject
Global
	GlobalSection(SolutionConfigurationPlatforms) = preSolution
		Debug|Any CPU = Debug|Any CPU
		Release|Any CPU = Release|Any CPU
	EndGlobalSection
	GlobalSection(ProjectConfigurationPlatforms) = postSolution
		{4801E905-4B73-4ED5-942C-1FBB90498EE4}.Debug|Any CPU.ActiveCfg = Debug|Any CPU
		{4801E905-4B73-4ED5-942C-1FBB90498EE4}.Debug|Any CPU.Build.0 = Debug|Any CPU
		{4801E905-4B73-4ED5-942C-1FBB90498EE4}.Release|Any CPU.ActiveCfg = Release|Any CPU
		{4801E905-4B73-4ED5-942C-1FBB90498EE4}.Release|Any CPU.Build.0 = Release|Any CPU
		{E5C3FA90-A2E2-4871-AEDE-A01AD27A2B92}.Debug|Any CPU.ActiveCfg = Debug|Any CPU
		{E5C3FA90-A2E2-4871-AEDE-A01AD27A2B92}.Debug|Any CPU.Build.0 = Debug|Any CPU
		{E5C3FA90-A2E2-4871-AEDE-A01AD27A2B92}.Release|Any CPU.ActiveCfg = Release|Any CPU
		{E5C3FA90-A2E2-4871-AEDE-A01AD27A2B92}.Release|Any CPU.Build.0 = Release|Any CPU
		{3B89C2CA-0B02-4DF5-9BAB-7E23C2ADA5F8}.Debug|Any CPU.ActiveCfg = Debug|Any CPU
		{3B89C2CA-0B02-4DF5-9BAB-7E23C2ADA5F8}.Debug|Any CPU.Build.0 = Debug|Any CPU
		{3B89C2CA-0B02-4DF5-9BAB-7E23C2ADA5F8}.Release|Any CPU.ActiveCfg = Release|Any CPU
		{3B89C2CA-0B02-4DF5-9BAB-7E23C2ADA5F8}.Release|Any CPU.Build.0 = Release|Any CPU
	EndGlobalSection
	GlobalSection(SolutionProperties) = preSolution
		HideSolutionNode = FALSE
	EndGlobalSection
	GlobalSection(ExtensibilityGlobals) = postSolution
		SolutionGuid = {3FD58EC2-C528-4371-95F5-D5D53470F611}
	EndGlobalSection
EndGlobal
